// !$*UTF8*$!
{
	archiveVersion = 1;
	classes = {
	};
	objectVersion = 50;
	objects = {

/* Begin PBXBuildFile section */
		C022E6FA2578E5840015D2F6 /* AppDelegate.swift in Sources */ = {isa = PBXBuildFile; fileRef = C022E6F92578E5840015D2F6 /* AppDelegate.swift */; };
		C022E6FC2578E5840015D2F6 /* SceneDelegate.swift in Sources */ = {isa = PBXBuildFile; fileRef = C022E6FB2578E5840015D2F6 /* SceneDelegate.swift */; };
		C022E6FE2578E5840015D2F6 /* ViewController.swift in Sources */ = {isa = PBXBuildFile; fileRef = C022E6FD2578E5840015D2F6 /* ViewController.swift */; };
		C022E7012578E5840015D2F6 /* Main.storyboard in Resources */ = {isa = PBXBuildFile; fileRef = C022E6FF2578E5840015D2F6 /* Main.storyboard */; };
		C022E7032578E5870015D2F6 /* Assets.xcassets in Resources */ = {isa = PBXBuildFile; fileRef = C022E7022578E5870015D2F6 /* Assets.xcassets */; };
		C022E7062578E5870015D2F6 /* LaunchScreen.storyboard in Resources */ = {isa = PBXBuildFile; fileRef = C022E7042578E5870015D2F6 /* LaunchScreen.storyboard */; };
		C022E70F2578E5B10015D2F6 /* MOAttributedTextView.swift in Sources */ = {isa = PBXBuildFile; fileRef = C022E70E2578E5B10015D2F6 /* MOAttributedTextView.swift */; };
/* End PBXBuildFile section */

/* Begin PBXFileReference section */
		C022E6F62578E5840015D2F6 /* MOAttributedTextView.app */ = {isa = PBXFileReference; explicitFileType = wrapper.application; includeInIndex = 0; path = MOAttributedTextView.app; sourceTree = BUILT_PRODUCTS_DIR; };
		C022E6F92578E5840015D2F6 /* AppDelegate.swift */ = {isa = PBXFileReference; lastKnownFileType = sourcecode.swift; path = AppDelegate.swift; sourceTree = "<group>"; };
		C022E6FB2578E5840015D2F6 /* SceneDelegate.swift */ = {isa = PBXFileReference; lastKnownFileType = sourcecode.swift; path = SceneDelegate.swift; sourceTree = "<group>"; };
		C022E6FD2578E5840015D2F6 /* ViewController.swift */ = {isa = PBXFileReference; lastKnownFileType = sourcecode.swift; path = ViewController.swift; sourceTree = "<group>"; };
		C022E7002578E5840015D2F6 /* Base */ = {isa = PBXFileReference; lastKnownFileType = file.storyboard; name = Base; path = Base.lproj/Main.storyboard; sourceTree = "<group>"; };
		C022E7022578E5870015D2F6 /* Assets.xcassets */ = {isa = PBXFileReference; lastKnownFileType = folder.assetcatalog; path = Assets.xcassets; sourceTree = "<group>"; };
		C022E7052578E5870015D2F6 /* Base */ = {isa = PBXFileReference; lastKnownFileType = file.storyboard; name = Base; path = Base.lproj/LaunchScreen.storyboard; sourceTree = "<group>"; };
		C022E7072578E5870015D2F6 /* Info.plist */ = {isa = PBXFileReference; lastKnownFileType = text.plist.xml; path = Info.plist; sourceTree = "<group>"; };
		C022E70E2578E5B10015D2F6 /* MOAttributedTextView.swift */ = {isa = PBXFileReference; lastKnownFileType = sourcecode.swift; path = MOAttributedTextView.swift; sourceTree = "<group>"; };
/* End PBXFileReference section */

/* Begin PBXFrameworksBuildPhase section */
		C022E6F32578E5840015D2F6 /* Frameworks */ = {
			isa = PBXFrameworksBuildPhase;
			buildActionMask = 2147483647;
			files = (
			);
			runOnlyForDeploymentPostprocessing = 0;
		};
/* End PBXFrameworksBuildPhase section */

/* Begin PBXGroup section */
		C022E6ED2578E5840015D2F6 = {
			isa = PBXGroup;
			children = (
				C022E6F82578E5840015D2F6 /* MOAttributedTextView */,
				C022E6F72578E5840015D2F6 /* Products */,
			);
			sourceTree = "<group>";
		};
		C022E6F72578E5840015D2F6 /* Products */ = {
			isa = PBXGroup;
			children = (
				C022E6F62578E5840015D2F6 /* MOAttributedTextView.app */,
			);
			name = Products;
			sourceTree = "<group>";
		};
		C022E6F82578E5840015D2F6 /* MOAttributedTextView */ = {
			isa = PBXGroup;
			children = (
				C022E6F92578E5840015D2F6 /* AppDelegate.swift */,
				C022E6FB2578E5840015D2F6 /* SceneDelegate.swift */,
				C022E6FD2578E5840015D2F6 /* ViewController.swift */,
				C022E70E2578E5B10015D2F6 /* MOAttributedTextView.swift */,
				C022E6FF2578E5840015D2F6 /* Main.storyboard */,
				C022E7022578E5870015D2F6 /* Assets.xcassets */,
				C022E7042578E5870015D2F6 /* LaunchScreen.storyboard */,
				C022E7072578E5870015D2F6 /* Info.plist */,
			);
			path = MOAttributedTextView;
			sourceTree = "<group>";
		};
/* End PBXGroup section */

/* Begin PBXNativeTarget section */
		C022E6F52578E5840015D2F6 /* MOAttributedTextView */ = {
			isa = PBXNativeTarget;
			buildConfigurationList = C022E70A2578E5870015D2F6 /* Build configuration list for PBXNativeTarget "MOAttributedTextView" */;
			buildPhases = (
				C022E6F22578E5840015D2F6 /* Sources */,
				C022E6F32578E5840015D2F6 /* Frameworks */,
				C022E6F42578E5840015D2F6 /* Resources */,
			);
			buildRules = (
			);
			dependencies = (
			);
			name = MOAttributedTextView;
			productName = MOAttributedTextView;
			productReference = C022E6F62578E5840015D2F6 /* MOAttributedTextView.app */;
			productType = "com.apple.product-type.application";
		};
/* End PBXNativeTarget section */

/* Begin PBXProject section */
		C022E6EE2578E5840015D2F6 /* Project object */ = {
			isa = PBXProject;
			attributes = {
				LastSwiftUpdateCheck = 1220;
				LastUpgradeCheck = 1220;
				TargetAttributes = {
					C022E6F52578E5840015D2F6 = {
						CreatedOnToolsVersion = 12.2;
					};
				};
			};
			buildConfigurationList = C022E6F12578E5840015D2F6 /* Build configuration list for PBXProject "MOAttributedTextView" */;
			compatibilityVersion = "Xcode 9.3";
			developmentRegion = en;
			hasScannedForEncodings = 0;
			knownRegions = (
				en,
				Base,
			);
			mainGroup = C022E6ED2578E5840015D2F6;
			productRefGroup = C022E6F72578E5840015D2F6 /* Products */;
			projectDirPath = "";
			projectRoot = "";
			targets = (
				C022E6F52578E5840015D2F6 /* MOAttributedTextView */,
			);
		};
/* End PBXProject section */

/* Begin PBXResourcesBuildPhase section */
		C022E6F42578E5840015D2F6 /* Resources */ = {
			isa = PBXResourcesBuildPhase;
			buildActionMask = 2147483647;
			files = (
				C022E7062578E5870015D2F6 /* LaunchScreen.storyboard in Resources */,
				C022E7032578E5870015D2F6 /* Assets.xcassets in Resources */,
				C022E7012578E5840015D2F6 /* Main.storyboard in Resources */,
			);
			runOnlyForDeploymentPostprocessing = 0;
		};
/* End PBXResourcesBuildPhase section */

/* Begin PBXSourcesBuildPhase section */
		C022E6F22578E5840015D2F6 /* Sources */ = {
			isa = PBXSourcesBuildPhase;
			buildActionMask = 2147483647;
			files = (
				C022E6FE2578E5840015D2F6 /* ViewController.swift in Sources */,
				C022E70F2578E5B10015D2F6 /* MOAttributedTextView.swift in Sources */,
				C022E6FA2578E5840015D2F6 /* AppDelegate.swift in Sources */,
				C022E6FC2578E5840015D2F6 /* SceneDelegate.swift in Sources */,
			);
			runOnlyForDeploymentPostprocessing = 0;
		};
/* End PBXSourcesBuildPhase section */

/* Begin PBXVariantGroup section */
		C022E6FF2578E5840015D2F6 /* Main.storyboard */ = {
			isa = PBXVariantGroup;
			children = (
				C022E7002578E5840015D2F6 /* Base */,
			);
			name = Main.storyboard;
			sourceTree = "<group>";
		};
		C022E7042578E5870015D2F6 /* LaunchScreen.storyboard */ = {
			isa = PBXVariantGroup;
			children = (
				C022E7052578E5870015D2F6 /* Base */,
			);
			name = LaunchScreen.storyboard;
			sourceTree = "<group>";
		};
/* End PBXVariantGroup section */

/* Begin XCBuildConfiguration section */
		C022E7082578E5870015D2F6 /* Debug */ = {
			isa = XCBuildConfiguration;
			buildSettings = {
				ALWAYS_SEARCH_USER_PATHS = NO;
				CLANG_ANALYZER_NONNULL = YES;
				CLANG_ANALYZER_NUMBER_OBJECT_CONVERSION = YES_AGGRESSIVE;
				CLANG_CXX_LANGUAGE_STANDARD = "gnu++14";
				CLANG_CXX_LIBRARY = "libc++";
				CLANG_ENABLE_MODULES = YES;
				CLANG_ENABLE_OBJC_ARC = YES;
				CLANG_ENABLE_OBJC_WEAK = YES;
				CLANG_WARN_BLOCK_CAPTURE_AUTORELEASING = YES;
				CLANG_WARN_BOOL_CONVERSION = YES;
				CLANG_WARN_COMMA = YES;
				CLANG_WARN_CONSTANT_CONVERSION = YES;
				CLANG_WARN_DEPRECATED_OBJC_IMPLEMENTATIONS = YES;
				CLANG_WARN_DIRECT_OBJC_ISA_USAGE = YES_ERROR;
				CLANG_WARN_DOCUMENTATION_COMMENTS = YES;
				CLANG_WARN_EMPTY_BODY = YES;
				CLANG_WARN_ENUM_CONVERSION = YES;
				CLANG_WARN_INFINITE_RECURSION = YES;
				CLANG_WARN_INT_CONVERSION = YES;
				CLANG_WARN_NON_LITERAL_NULL_CONVERSION = YES;
				CLANG_WARN_OBJC_IMPLICIT_RETAIN_SELF = YES;
				CLANG_WARN_OBJC_LITERAL_CONVERSION = YES;
				CLANG_WARN_OBJC_ROOT_CLASS = YES_ERROR;
				CLANG_WARN_QUOTED_INCLUDE_IN_FRAMEWORK_HEADER = YES;
				CLANG_WARN_RANGE_LOOP_ANALYSIS = YES;
				CLANG_WARN_STRICT_PROTOTYPES = YES;
				CLANG_WARN_SUSPICIOUS_MOVE = YES;
				CLANG_WARN_UNGUARDED_AVAILABILITY = YES_AGGRESSIVE;
				CLANG_WARN_UNREACHABLE_CODE = YES;
				CLANG_WARN__DUPLICATE_METHOD_MATCH = YES;
				COPY_PHASE_STRIP = NO;
				DEBUG_INFORMATION_FORMAT = dwarf;
				ENABLE_STRICT_OBJC_MSGSEND = YES;
				ENABLE_TESTABILITY = YES;
				GCC_C_LANGUAGE_STANDARD = gnu11;
				GCC_DYNAMIC_NO_PIC = NO;
				GCC_NO_COMMON_BLOCKS = YES;
				GCC_OPTIMIZATION_LEVEL = 0;
				GCC_PREPROCESSOR_DEFINITIONS = (
					"DEBUG=1",
					"$(inherited)",
				);
				GCC_WARN_64_TO_32_BIT_CONVERSION = YES;
				GCC_WARN_ABOUT_RETURN_TYPE = YES_ERROR;
				GCC_WARN_UNDECLARED_SELECTOR = YES;
				GCC_WARN_UNINITIALIZED_AUTOS = YES_AGGRESSIVE;
				GCC_WARN_UNUSED_FUNCTION = YES;
				GCC_WARN_UNUSED_VARIABLE = YES;
				IPHONEOS_DEPLOYMENT_TARGET = 14.2;
				MTL_ENABLE_DEBUG_INFO = INCLUDE_SOURCE;
				MTL_FAST_MATH = YES;
				ONLY_ACTIVE_ARCH = YES;
				SDKROOT = iphoneos;
				SWIFT_ACTIVE_COMPILATION_CONDITIONS = DEBUG;
				SWIFT_OPTIMIZATION_LEVEL = "-Onone";
			};
			name = Debug;
		};
		C022E7092578E5870015D2F6 /* Release */ = {
			isa = XCBuildConfiguration;
			buildSettings = {
				ALWAYS_SEARCH_USER_PATHS = NO;
				CLANG_ANALYZER_NONNULL = YES;
				CLANG_ANALYZER_NUMBER_OBJECT_CONVERSION = YES_AGGRESSIVE;
				CLANG_CXX_LANGUAGE_STANDARD = "gnu++14";
				CLANG_CXX_LIBRARY = "libc++";
				CLANG_ENABLE_MODULES = YES;
				CLANG_ENABLE_OBJC_ARC = YES;
				CLANG_ENABLE_OBJC_WEAK = YES;
				CLANG_WARN_BLOCK_CAPTURE_AUTORELEASING = YES;
				CLANG_WARN_BOOL_CONVERSION = YES;
				CLANG_WARN_COMMA = YES;
				CLANG_WARN_CONSTANT_CONVERSION = YES;
				CLANG_WARN_DEPRECATED_OBJC_IMPLEMENTATIONS = YES;
				CLANG_WARN_DIRECT_OBJC_ISA_USAGE = YES_ERROR;
				CLANG_WARN_DOCUMENTATION_COMMENTS = YES;
				CLANG_WARN_EMPTY_BODY = YES;
				CLANG_WARN_ENUM_CONVERSION = YES;
				CLANG_WARN_INFINITE_RECURSION = YES;
				CLANG_WARN_INT_CONVERSION = YES;
				CLANG_WARN_NON_LITERAL_NULL_CONVERSION = YES;
				CLANG_WARN_OBJC_IMPLICIT_RETAIN_SELF = YES;
				CLANG_WARN_OBJC_LITERAL_CONVERSION = YES;
				CLANG_WARN_OBJC_ROOT_CLASS = YES_ERROR;
				CLANG_WARN_QUOTED_INCLUDE_IN_FRAMEWORK_HEADER = YES;
				CLANG_WARN_RANGE_LOOP_ANALYSIS = YES;
				CLANG_WARN_STRICT_PROTOTYPES = YES;
				CLANG_WARN_SUSPICIOUS_MOVE = YES;
				CLANG_WARN_UNGUARDED_AVAILABILITY = YES_AGGRESSIVE;
				CLANG_WARN_UNREACHABLE_CODE = YES;
				CLANG_WARN__DUPLICATE_METHOD_MATCH = YES;
				COPY_PHASE_STRIP = NO;
				DEBUG_INFORMATION_FORMAT = "dwarf-with-dsym";
				ENABLE_NS_ASSERTIONS = NO;
				ENABLE_STRICT_OBJC_MSGSEND = YES;
				GCC_C_LANGUAGE_STANDARD = gnu11;
				GCC_NO_COMMON_BLOCKS = YES;
				GCC_WARN_64_TO_32_BIT_CONVERSION = YES;
				GCC_WARN_ABOUT_RETURN_TYPE = YES_ERROR;
				GCC_WARN_UNDECLARED_SELECTOR = YES;
				GCC_WARN_UNINITIALIZED_AUTOS = YES_AGGRESSIVE;
				GCC_WARN_UNUSED_FUNCTION = YES;
				GCC_WARN_UNUSED_VARIABLE = YES;
				IPHONEOS_DEPLOYMENT_TARGET = 14.2;
				MTL_ENABLE_DEBUG_INFO = NO;
				MTL_FAST_MATH = YES;
				SDKROOT = iphoneos;
				SWIFT_COMPILATION_MODE = wholemodule;
				SWIFT_OPTIMIZATION_LEVEL = "-O";
				VALIDATE_PRODUCT = YES;
			};
			name = Release;
		};
		C022E70B2578E5870015D2F6 /* Debug */ = {
			isa = XCBuildConfiguration;
			buildSettings = {
				ASSETCATALOG_COMPILER_APPICON_NAME = AppIcon;
				ASSETCATALOG_COMPILER_GLOBAL_ACCENT_COLOR_NAME = AccentColor;
				CODE_SIGN_STYLE = Automatic;
				DEVELOPMENT_TEAM = 9WUQQBVA6S;
				INFOPLIST_FILE = MOAttributedTextView/Info.plist;
				LD_RUNPATH_SEARCH_PATHS = (
					"$(inherited)",
					"@executable_path/Frameworks",
				);
				PRODUCT_BUNDLE_IDENTIFIER = moxiaoyan.MOAttributedTextView;
				PRODUCT_NAME = "$(TARGET_NAME)";
				SWIFT_VERSION = 5.0;
				TARGETED_DEVICE_FAMILY = "1,2";
			};
			name = Debug;
		};
		C022E70C2578E5870015D2F6 /* Release */ = {
			isa = XCBuildConfiguration;
			buildSettings = {
				ASSETCATALOG_COMPILER_APPICON_NAME = AppIcon;
				ASSETCATALOG_COMPILER_GLOBAL_ACCENT_COLOR_NAME = AccentColor;
				CODE_SIGN_STYLE = Automatic;
				DEVELOPMENT_TEAM = 9WUQQBVA6S;
				INFOPLIST_FILE = MOAttributedTextView/Info.plist;
				LD_RUNPATH_SEARCH_PATHS = (
					"$(inherited)",
					"@executable_path/Frameworks",
				);
				PRODUCT_BUNDLE_IDENTIFIER = moxiaoyan.MOAttributedTextView;
				PRODUCT_NAME = "$(TARGET_NAME)";
				SWIFT_VERSION = 5.0;
				TARGETED_DEVICE_FAMILY = "1,2";
			};
			name = Release;
		};
/* End XCBuildConfiguration section */

/* Begin XCConfigurationList section */
		C022E6F12578E5840015D2F6 /* Build configuration list for PBXProject "MOAttributedTextView" */ = {
			isa = XCConfigurationList;
			buildConfigurations = (
				C022E7082578E5870015D2F6 /* Debug */,
				C022E7092578E5870015D2F6 /* Release */,
			);
			defaultConfigurationIsVisible = 0;
			defaultConfigurationName = Release;
		};
		C022E70A2578E5870015D2F6 /* Build configuration list for PBXNativeTarget "MOAttributedTextView" */ = {
			isa = XCConfigurationList;
			buildConfigurations = (
				C022E70B2578E5870015D2F6 /* Debug */,
				C022E70C2578E5870015D2F6 /* Release */,
			);
			defaultConfigurationIsVisible = 0;
			defaultConfigurationName = Release;
		};
/* End XCConfigurationList section */
	};
	rootObject = C022E6EE2578E5840015D2F6 /* Project object */;
}
